
Microsoft Visual Studio Solution File, Format Version 12.00
# Visual Studio Version 17
VisualStudioVersion = 17.0.31912.275
MinimumVisualStudioVersion = 10.0.40219.1
Project("{9A19103F-16F7-4668-BE54-9A1E7A4F7556}") = "SudokuSolver", "SudokuSolver\SudokuSolver.csproj", "{8A963ECB-7A41-4E9E-8765-BFA9974E7E1E}"
EndProject
Project("{9A19103F-16F7-4668-BE54-9A1E7A4F7556}") = "TestProjectSudokuSolver", "TestProjectSudokuSolver\TestProjectSudokuSolver.csproj", "{933A0019-5B1D-4EEC-879C-5C36AEAA5840}"
EndProject
Project("{FAE04EC0-301F-11D3-BF4B-00C04F79EFBC}") = "SudokuLibrary", "SudokuLibrary\SudokuLibrary.csproj", "{9A268B34-B8D6-4793-9592-1665F354A793}"
EndProject
Global
	GlobalSection(SolutionConfigurationPlatforms) = preSolution
		Debug|Any CPU = Debug|Any CPU
		Release|Any CPU = Release|Any CPU
	EndGlobalSection
	GlobalSection(ProjectConfigurationPlatforms) = postSolution
		{8A963ECB-7A41-4E9E-8765-BFA9974E7E1E}.Debug|Any CPU.ActiveCfg = Debug|Any CPU
		{8A963ECB-7A41-4E9E-8765-BFA9974E7E1E}.Debug|Any CPU.Build.0 = Debug|Any CPU
		{8A963ECB-7A41-4E9E-8765-BFA9974E7E1E}.Release|Any CPU.ActiveCfg = Release|Any CPU
		{8A963ECB-7A41-4E9E-8765-BFA9974E7E1E}.Release|Any CPU.Build.0 = Release|Any CPU
		{933A0019-5B1D-4EEC-879C-5C36AEAA5840}.Debug|Any CPU.ActiveCfg = Debug|Any CPU
		{933A0019-5B1D-4EEC-879C-5C36AEAA5840}.Debug|Any CPU.Build.0 = Debug|Any CPU
		{933A0019-5B1D-4EEC-879C-5C36AEAA5840}.Release|Any CPU.ActiveCfg = Release|Any CPU
		{933A0019-5B1D-4EEC-879C-5C36AEAA5840}.Release|Any CPU.Build.0 = Release|Any CPU
		{9A268B34-B8D6-4793-9592-1665F354A793}.Debug|Any CPU.ActiveCfg = Debug|Any CPU
		{9A268B34-B8D6-4793-9592-1665F354A793}.Debug|Any CPU.Build.0 = Debug|Any CPU
		{9A268B34-B8D6-4793-9592-1665F354A793}.Release|Any CPU.ActiveCfg = Release|Any CPU
		{9A268B34-B8D6-4793-9592-1665F354A793}.Release|Any CPU.Build.0 = Release|Any CPU
	EndGlobalSection
	GlobalSection(SolutionProperties) = preSolution
		HideSolutionNode = FALSE
	EndGlobalSection
	GlobalSection(ExtensibilityGlobals) = postSolution
		SolutionGuid = {6D50264D-35A8-4CD9-972A-79C282DC9B64}
	EndGlobalSection
EndGlobal
